// !$*UTF8*$!
{
	archiveVersion = 1;
	classes = {
	};
	objectVersion = 48;
	objects = {

/* Begin PBXBuildFile section */
		987B095F7C43530FB730555B /* Pods_TVI.framework in Frameworks */ = {isa = PBXBuildFile; fileRef = 25A33DF38CF6B85AEFBFE26B /* Pods_TVI.framework */; };
		D318C8ED1FEE93900008C9FF /* AppDelegate.swift in Sources */ = {isa = PBXBuildFile; fileRef = D318C8EC1FEE93900008C9FF /* AppDelegate.swift */; };
		D318C8EF1FEE93900008C9FF /* LocationViewController.swift in Sources */ = {isa = PBXBuildFile; fileRef = D318C8EE1FEE93900008C9FF /* LocationViewController.swift */; };
		D318C8F11FEE93900008C9FF /* ScanViewController.swift in Sources */ = {isa = PBXBuildFile; fileRef = D318C8F01FEE93900008C9FF /* ScanViewController.swift */; };
		D318C8F41FEE93900008C9FF /* Main.storyboard in Resources */ = {isa = PBXBuildFile; fileRef = D318C8F21FEE93900008C9FF /* Main.storyboard */; };
		D318C8F61FEE93900008C9FF /* Assets.xcassets in Resources */ = {isa = PBXBuildFile; fileRef = D318C8F51FEE93900008C9FF /* Assets.xcassets */; };
		D318C8F91FEE93900008C9FF /* LaunchScreen.storyboard in Resources */ = {isa = PBXBuildFile; fileRef = D318C8F71FEE93900008C9FF /* LaunchScreen.storyboard */; };
		D318C9021FEEB7700008C9FF /* AlertViewController.swift in Sources */ = {isa = PBXBuildFile; fileRef = D318C9011FEEB7700008C9FF /* AlertViewController.swift */; };
		D318C9041FEEB77D0008C9FF /* ProfileViewController.swift in Sources */ = {isa = PBXBuildFile; fileRef = D318C9031FEEB77D0008C9FF /* ProfileViewController.swift */; };
/* End PBXBuildFile section */

/* Begin PBXFileReference section */
		25A33DF38CF6B85AEFBFE26B /* Pods_TVI.framework */ = {isa = PBXFileReference; explicitFileType = wrapper.framework; includeInIndex = 0; path = Pods_TVI.framework; sourceTree = BUILT_PRODUCTS_DIR; };
		5A9E258F79954CB30A57843D /* Pods-TVI.release.xcconfig */ = {isa = PBXFileReference; includeInIndex = 1; lastKnownFileType = text.xcconfig; name = "Pods-TVI.release.xcconfig"; path = "Pods/Target Support Files/Pods-TVI/Pods-TVI.release.xcconfig"; sourceTree = "<group>"; };
		C4DC50A4ECB0E4B5E916194E /* Pods-TVI.debug.xcconfig */ = {isa = PBXFileReference; includeInIndex = 1; lastKnownFileType = text.xcconfig; name = "Pods-TVI.debug.xcconfig"; path = "Pods/Target Support Files/Pods-TVI/Pods-TVI.debug.xcconfig"; sourceTree = "<group>"; };
		D318C8E91FEE93900008C9FF /* TVI.app */ = {isa = PBXFileReference; explicitFileType = wrapper.application; includeInIndex = 0; path = TVI.app; sourceTree = BUILT_PRODUCTS_DIR; };
		D318C8EC1FEE93900008C9FF /* AppDelegate.swift */ = {isa = PBXFileReference; lastKnownFileType = sourcecode.swift; path = AppDelegate.swift; sourceTree = "<group>"; };
		D318C8EE1FEE93900008C9FF /* LocationViewController.swift */ = {isa = PBXFileReference; lastKnownFileType = sourcecode.swift; path = LocationViewController.swift; sourceTree = "<group>"; };
		D318C8F01FEE93900008C9FF /* ScanViewController.swift */ = {isa = PBXFileReference; lastKnownFileType = sourcecode.swift; path = ScanViewController.swift; sourceTree = "<group>"; };
		D318C8F31FEE93900008C9FF /* Base */ = {isa = PBXFileReference; lastKnownFileType = file.storyboard; name = Base; path = Base.lproj/Main.storyboard; sourceTree = "<group>"; };
		D318C8F51FEE93900008C9FF /* Assets.xcassets */ = {isa = PBXFileReference; lastKnownFileType = folder.assetcatalog; path = Assets.xcassets; sourceTree = "<group>"; };
		D318C8F81FEE93900008C9FF /* Base */ = {isa = PBXFileReference; lastKnownFileType = file.storyboard; name = Base; path = Base.lproj/LaunchScreen.storyboard; sourceTree = "<group>"; };
		D318C8FA1FEE93900008C9FF /* Info.plist */ = {isa = PBXFileReference; lastKnownFileType = text.plist.xml; path = Info.plist; sourceTree = "<group>"; };
		D318C9011FEEB7700008C9FF /* AlertViewController.swift */ = {isa = PBXFileReference; lastKnownFileType = sourcecode.swift; path = AlertViewController.swift; sourceTree = "<group>"; };
		D318C9031FEEB77D0008C9FF /* ProfileViewController.swift */ = {isa = PBXFileReference; lastKnownFileType = sourcecode.swift; path = ProfileViewController.swift; sourceTree = "<group>"; };
/* End PBXFileReference section */

/* Begin PBXFrameworksBuildPhase section */
		D318C8E61FEE93900008C9FF /* Frameworks */ = {
			isa = PBXFrameworksBuildPhase;
			buildActionMask = 2147483647;
			files = (
				987B095F7C43530FB730555B /* Pods_TVI.framework in Frameworks */,
			);
			runOnlyForDeploymentPostprocessing = 0;
		};
/* End PBXFrameworksBuildPhase section */

/* Begin PBXGroup section */
		16B289AC3E9D559E468F78A1 /* Pods */ = {
			isa = PBXGroup;
			children = (
				C4DC50A4ECB0E4B5E916194E /* Pods-TVI.debug.xcconfig */,
				5A9E258F79954CB30A57843D /* Pods-TVI.release.xcconfig */,
			);
			name = Pods;
			sourceTree = "<group>";
		};
		D318C8E01FEE93900008C9FF = {
			isa = PBXGroup;
			children = (
				D318C8EB1FEE93900008C9FF /* TVI */,
				D318C8EA1FEE93900008C9FF /* Products */,
				16B289AC3E9D559E468F78A1 /* Pods */,
				D9798C1D2733814295B8F0B8 /* Frameworks */,
			);
			sourceTree = "<group>";
		};
		D318C8EA1FEE93900008C9FF /* Products */ = {
			isa = PBXGroup;
			children = (
				D318C8E91FEE93900008C9FF /* TVI.app */,
			);
			name = Products;
			sourceTree = "<group>";
		};
		D318C8EB1FEE93900008C9FF /* TVI */ = {
			isa = PBXGroup;
			children = (
				D318C9001FEEB73F0008C9FF /* ViewController */,
				D318C8EC1FEE93900008C9FF /* AppDelegate.swift */,
				D318C8F21FEE93900008C9FF /* Main.storyboard */,
				D318C8F51FEE93900008C9FF /* Assets.xcassets */,
				D318C8F71FEE93900008C9FF /* LaunchScreen.storyboard */,
				D318C8FA1FEE93900008C9FF /* Info.plist */,
			);
			path = TVI;
			sourceTree = "<group>";
		};
		D318C9001FEEB73F0008C9FF /* ViewController */ = {
			isa = PBXGroup;
			children = (
				D318C8EE1FEE93900008C9FF /* LocationViewController.swift */,
				D318C8F01FEE93900008C9FF /* ScanViewController.swift */,
				D318C9011FEEB7700008C9FF /* AlertViewController.swift */,
				D318C9031FEEB77D0008C9FF /* ProfileViewController.swift */,
			);
			path = ViewController;
			sourceTree = "<group>";
		};
		D9798C1D2733814295B8F0B8 /* Frameworks */ = {
			isa = PBXGroup;
			children = (
				25A33DF38CF6B85AEFBFE26B /* Pods_TVI.framework */,
			);
			name = Frameworks;
			sourceTree = "<group>";
		};
/* End PBXGroup section */

/* Begin PBXNativeTarget section */
		D318C8E81FEE93900008C9FF /* TVI */ = {
			isa = PBXNativeTarget;
			buildConfigurationList = D318C8FD1FEE93900008C9FF /* Build configuration list for PBXNativeTarget "TVI" */;
			buildPhases = (
				CBAD52E79223BFF64F7D395A /* [CP] Check Pods Manifest.lock */,
				D318C8E51FEE93900008C9FF /* Sources */,
				D318C8E61FEE93900008C9FF /* Frameworks */,
				D318C8E71FEE93900008C9FF /* Resources */,
				E897B224AE60B2B35573CC80 /* [CP] Embed Pods Frameworks */,
				B5FD5E6ED2FB3E9DA6EF16F0 /* [CP] Copy Pods Resources */,
			);
			buildRules = (
			);
			dependencies = (
			);
			name = TVI;
			productName = TVI;
			productReference = D318C8E91FEE93900008C9FF /* TVI.app */;
			productType = "com.apple.product-type.application";
		};
/* End PBXNativeTarget section */

/* Begin PBXProject section */
		D318C8E11FEE93900008C9FF /* Project object */ = {
			isa = PBXProject;
			attributes = {
				LastSwiftUpdateCheck = 0920;
				LastUpgradeCheck = 0920;
				ORGANIZATIONNAME = PQT;
				TargetAttributes = {
					D318C8E81FEE93900008C9FF = {
						CreatedOnToolsVersion = 9.2;
						ProvisioningStyle = Automatic;
					};
				};
			};
			buildConfigurationList = D318C8E41FEE93900008C9FF /* Build configuration list for PBXProject "TVI" */;
			compatibilityVersion = "Xcode 8.0";
			developmentRegion = en;
			hasScannedForEncodings = 0;
			knownRegions = (
				en,
				Base,
			);
			mainGroup = D318C8E01FEE93900008C9FF;
			productRefGroup = D318C8EA1FEE93900008C9FF /* Products */;
			projectDirPath = "";
			projectRoot = "";
			targets = (
				D318C8E81FEE93900008C9FF /* TVI */,
			);
		};
/* End PBXProject section */

/* Begin PBXResourcesBuildPhase section */
		D318C8E71FEE93900008C9FF /* Resources */ = {
			isa = PBXResourcesBuildPhase;
			buildActionMask = 2147483647;
			files = (
				D318C8F91FEE93900008C9FF /* LaunchScreen.storyboard in Resources */,
				D318C8F61FEE93900008C9FF /* Assets.xcassets in Resources */,
				D318C8F41FEE93900008C9FF /* Main.storyboard in Resources */,
			);
			runOnlyForDeploymentPostprocessing = 0;
		};
/* End PBXResourcesBuildPhase section */

/* Begin PBXShellScriptBuildPhase section */
		B5FD5E6ED2FB3E9DA6EF16F0 /* [CP] Copy Pods Resources */ = {
			isa = PBXShellScriptBuildPhase;
			buildActionMask = 2147483647;
			files = (
			);
			inputPaths = (
				"${SRCROOT}/Pods/Target Support Files/Pods-TVI/Pods-TVI-resources.sh",
				"${PODS_ROOT}/GoogleMaps/Maps/Frameworks/GoogleMaps.framework/Resources/GoogleMaps.bundle",
			);
			name = "[CP] Copy Pods Resources";
			outputPaths = (
				"${TARGET_BUILD_DIR}/${UNLOCALIZED_RESOURCES_FOLDER_PATH}",
			);
			runOnlyForDeploymentPostprocessing = 0;
			shellPath = /bin/sh;
			shellScript = "\"${SRCROOT}/Pods/Target Support Files/Pods-TVI/Pods-TVI-resources.sh\"\n";
			showEnvVarsInLog = 0;
		};
		CBAD52E79223BFF64F7D395A /* [CP] Check Pods Manifest.lock */ = {
			isa = PBXShellScriptBuildPhase;
			buildActionMask = 2147483647;
			files = (
			);
			inputPaths = (
				"${PODS_PODFILE_DIR_PATH}/Podfile.lock",
				"${PODS_ROOT}/Manifest.lock",
			);
			name = "[CP] Check Pods Manifest.lock";
			outputPaths = (
				"$(DERIVED_FILE_DIR)/Pods-TVI-checkManifestLockResult.txt",
			);
			runOnlyForDeploymentPostprocessing = 0;
			shellPath = /bin/sh;
			shellScript = "diff \"${PODS_PODFILE_DIR_PATH}/Podfile.lock\" \"${PODS_ROOT}/Manifest.lock\" > /dev/null\nif [ $? != 0 ] ; then\n    # print error to STDERR\n    echo \"error: The sandbox is not in sync with the Podfile.lock. Run 'pod install' or update your CocoaPods installation.\" >&2\n    exit 1\nfi\n# This output is used by Xcode 'outputs' to avoid re-running this script phase.\necho \"SUCCESS\" > \"${SCRIPT_OUTPUT_FILE_0}\"\n";
			showEnvVarsInLog = 0;
		};
		E897B224AE60B2B35573CC80 /* [CP] Embed Pods Frameworks */ = {
			isa = PBXShellScriptBuildPhase;
			buildActionMask = 2147483647;
			files = (
			);
			inputPaths = (
				"${SRCROOT}/Pods/Target Support Files/Pods-TVI/Pods-TVI-frameworks.sh",
				"${BUILT_PRODUCTS_DIR}/AFImageHelper/AFImageHelper.framework",
				"${BUILT_PRODUCTS_DIR}/Alamofire/Alamofire.framework",
				"${BUILT_PRODUCTS_DIR}/AlamofireObjectMapper/AlamofireObjectMapper.framework",
				"${BUILT_PRODUCTS_DIR}/ESPullToRefresh/ESPullToRefresh.framework",
				"${BUILT_PRODUCTS_DIR}/GoogleToolboxForMac/GoogleToolboxForMac.framework",
				"${BUILT_PRODUCTS_DIR}/ObjectMapper/ObjectMapper.framework",
				"${BUILT_PRODUCTS_DIR}/Protobuf/Protobuf.framework",
				"${BUILT_PRODUCTS_DIR}/ReachabilitySwift/Reachability.framework",
				"${BUILT_PRODUCTS_DIR}/SVProgressHUD/SVProgressHUD.framework",
				"${BUILT_PRODUCTS_DIR}/SwiftyJSON/SwiftyJSON.framework",
				"${BUILT_PRODUCTS_DIR}/SwiftyUserDefaults/SwiftyUserDefaults.framework",
				"${BUILT_PRODUCTS_DIR}/TWMessageBarManager/TWMessageBarManager.framework",
				"${BUILT_PRODUCTS_DIR}/UIScrollView-InfiniteScroll/UIScrollView_InfiniteScroll.framework",
				"${BUILT_PRODUCTS_DIR}/nanopb/nanopb.framework",
			);
			name = "[CP] Embed Pods Frameworks";
			outputPaths = (
				"${TARGET_BUILD_DIR}/${FRAMEWORKS_FOLDER_PATH}/AFImageHelper.framework",
				"${TARGET_BUILD_DIR}/${FRAMEWORKS_FOLDER_PATH}/Alamofire.framework",
				"${TARGET_BUILD_DIR}/${FRAMEWORKS_FOLDER_PATH}/AlamofireObjectMapper.framework",
				"${TARGET_BUILD_DIR}/${FRAMEWORKS_FOLDER_PATH}/ESPullToRefresh.framework",
				"${TARGET_BUILD_DIR}/${FRAMEWORKS_FOLDER_PATH}/GoogleToolboxForMac.framework",
				"${TARGET_BUILD_DIR}/${FRAMEWORKS_FOLDER_PATH}/ObjectMapper.framework",
				"${TARGET_BUILD_DIR}/${FRAMEWORKS_FOLDER_PATH}/Protobuf.framework",
				"${TARGET_BUILD_DIR}/${FRAMEWORKS_FOLDER_PATH}/Reachability.framework",
				"${TARGET_BUILD_DIR}/${FRAMEWORKS_FOLDER_PATH}/SVProgressHUD.framework",
				"${TARGET_BUILD_DIR}/${FRAMEWORKS_FOLDER_PATH}/SwiftyJSON.framework",
				"${TARGET_BUILD_DIR}/${FRAMEWORKS_FOLDER_PATH}/SwiftyUserDefaults.framework",
				"${TARGET_BUILD_DIR}/${FRAMEWORKS_FOLDER_PATH}/TWMessageBarManager.framework",
				"${TARGET_BUILD_DIR}/${FRAMEWORKS_FOLDER_PATH}/UIScrollView_InfiniteScroll.framework",
				"${TARGET_BUILD_DIR}/${FRAMEWORKS_FOLDER_PATH}/nanopb.framework",
			);
			runOnlyForDeploymentPostprocessing = 0;
			shellPath = /bin/sh;
			shellScript = "\"${SRCROOT}/Pods/Target Support Files/Pods-TVI/Pods-TVI-frameworks.sh\"\n";
			showEnvVarsInLog = 0;
		};
/* End PBXShellScriptBuildPhase section */

/* Begin PBXSourcesBuildPhase section */
		D318C8E51FEE93900008C9FF /* Sources */ = {
			isa = PBXSourcesBuildPhase;
			buildActionMask = 2147483647;
			files = (
				D318C8F11FEE93900008C9FF /* ScanViewController.swift in Sources */,
				D318C8ED1FEE93900008C9FF /* AppDelegate.swift in Sources */,
				D318C9041FEEB77D0008C9FF /* ProfileViewController.swift in Sources */,
				D318C8EF1FEE93900008C9FF /* LocationViewController.swift in Sources */,
				D318C9021FEEB7700008C9FF /* AlertViewController.swift in Sources */,
			);
			runOnlyForDeploymentPostprocessing = 0;
		};
/* End PBXSourcesBuildPhase section */

/* Begin PBXVariantGroup section */
		D318C8F21FEE93900008C9FF /* Main.storyboard */ = {
			isa = PBXVariantGroup;
			children = (
				D318C8F31FEE93900008C9FF /* Base */,
			);
			name = Main.storyboard;
			sourceTree = "<group>";
		};
		D318C8F71FEE93900008C9FF /* LaunchScreen.storyboard */ = {
			isa = PBXVariantGroup;
			children = (
				D318C8F81FEE93900008C9FF /* Base */,
			);
			name = LaunchScreen.storyboard;
			sourceTree = "<group>";
		};
/* End PBXVariantGroup section */

/* Begin XCBuildConfiguration section */
		D318C8FB1FEE93900008C9FF /* Debug */ = {
			isa = XCBuildConfiguration;
			buildSettings = {
				ALWAYS_SEARCH_USER_PATHS = NO;
				CLANG_ANALYZER_NONNULL = YES;
				CLANG_ANALYZER_NUMBER_OBJECT_CONVERSION = YES_AGGRESSIVE;
				CLANG_CXX_LANGUAGE_STANDARD = "gnu++14";
				CLANG_CXX_LIBRARY = "libc++";
				CLANG_ENABLE_MODULES = YES;
				CLANG_ENABLE_OBJC_ARC = YES;
				CLANG_WARN_BLOCK_CAPTURE_AUTORELEASING = YES;
				CLANG_WARN_BOOL_CONVERSION = YES;
				CLANG_WARN_COMMA = YES;
				CLANG_WARN_CONSTANT_CONVERSION = YES;
				CLANG_WARN_DIRECT_OBJC_ISA_USAGE = YES_ERROR;
				CLANG_WARN_DOCUMENTATION_COMMENTS = YES;
				CLANG_WARN_EMPTY_BODY = YES;
				CLANG_WARN_ENUM_CONVERSION = YES;
				CLANG_WARN_INFINITE_RECURSION = YES;
				CLANG_WARN_INT_CONVERSION = YES;
				CLANG_WARN_NON_LITERAL_NULL_CONVERSION = YES;
				CLANG_WARN_OBJC_LITERAL_CONVERSION = YES;
				CLANG_WARN_OBJC_ROOT_CLASS = YES_ERROR;
				CLANG_WARN_RANGE_LOOP_ANALYSIS = YES;
				CLANG_WARN_STRICT_PROTOTYPES = YES;
				CLANG_WARN_SUSPICIOUS_MOVE = YES;
				CLANG_WARN_UNGUARDED_AVAILABILITY = YES_AGGRESSIVE;
				CLANG_WARN_UNREACHABLE_CODE = YES;
				CLANG_WARN__DUPLICATE_METHOD_MATCH = YES;
				CODE_SIGN_IDENTITY = "iPhone Developer";
				COPY_PHASE_STRIP = NO;
				DEBUG_INFORMATION_FORMAT = dwarf;
				ENABLE_STRICT_OBJC_MSGSEND = YES;
				ENABLE_TESTABILITY = YES;
				GCC_C_LANGUAGE_STANDARD = gnu11;
				GCC_DYNAMIC_NO_PIC = NO;
				GCC_NO_COMMON_BLOCKS = YES;
				GCC_OPTIMIZATION_LEVEL = 0;
				GCC_PREPROCESSOR_DEFINITIONS = (
					"DEBUG=1",
					"$(inherited)",
				);
				GCC_WARN_64_TO_32_BIT_CONVERSION = YES;
				GCC_WARN_ABOUT_RETURN_TYPE = YES_ERROR;
				GCC_WARN_UNDECLARED_SELECTOR = YES;
				GCC_WARN_UNINITIALIZED_AUTOS = YES_AGGRESSIVE;
				GCC_WARN_UNUSED_FUNCTION = YES;
				GCC_WARN_UNUSED_VARIABLE = YES;
				IPHONEOS_DEPLOYMENT_TARGET = 11.2;
				MTL_ENABLE_DEBUG_INFO = YES;
				ONLY_ACTIVE_ARCH = YES;
				SDKROOT = iphoneos;
				SWIFT_ACTIVE_COMPILATION_CONDITIONS = DEBUG;
				SWIFT_OPTIMIZATION_LEVEL = "-Onone";
			};
			name = Debug;
		};
		D318C8FC1FEE93900008C9FF /* Release */ = {
			isa = XCBuildConfiguration;
			buildSettings = {
				ALWAYS_SEARCH_USER_PATHS = NO;
				CLANG_ANALYZER_NONNULL = YES;
				CLANG_ANALYZER_NUMBER_OBJECT_CONVERSION = YES_AGGRESSIVE;
				CLANG_CXX_LANGUAGE_STANDARD = "gnu++14";
				CLANG_CXX_LIBRARY = "libc++";
				CLANG_ENABLE_MODULES = YES;
				CLANG_ENABLE_OBJC_ARC = YES;
				CLANG_WARN_BLOCK_CAPTURE_AUTORELEASING = YES;
				CLANG_WARN_BOOL_CONVERSION = YES;
				CLANG_WARN_COMMA = YES;
				CLANG_WARN_CONSTANT_CONVERSION = YES;
				CLANG_WARN_DIRECT_OBJC_ISA_USAGE = YES_ERROR;
				CLANG_WARN_DOCUMENTATION_COMMENTS = YES;
				CLANG_WARN_EMPTY_BODY = YES;
				CLANG_WARN_ENUM_CONVERSION = YES;
				CLANG_WARN_INFINITE_RECURSION = YES;
				CLANG_WARN_INT_CONVERSION = YES;
				CLANG_WARN_NON_LITERAL_NULL_CONVERSION = YES;
				CLANG_WARN_OBJC_LITERAL_CONVERSION = YES;
				CLANG_WARN_OBJC_ROOT_CLASS = YES_ERROR;
				CLANG_WARN_RANGE_LOOP_ANALYSIS = YES;
				CLANG_WARN_STRICT_PROTOTYPES = YES;
				CLANG_WARN_SUSPICIOUS_MOVE = YES;
				CLANG_WARN_UNGUARDED_AVAILABILITY = YES_AGGRESSIVE;
				CLANG_WARN_UNREACHABLE_CODE = YES;
				CLANG_WARN__DUPLICATE_METHOD_MATCH = YES;
				CODE_SIGN_IDENTITY = "iPhone Developer";
				COPY_PHASE_STRIP = NO;
				DEBUG_INFORMATION_FORMAT = "dwarf-with-dsym";
				ENABLE_NS_ASSERTIONS = NO;
				ENABLE_STRICT_OBJC_MSGSEND = YES;
				GCC_C_LANGUAGE_STANDARD = gnu11;
				GCC_NO_COMMON_BLOCKS = YES;
				GCC_WARN_64_TO_32_BIT_CONVERSION = YES;
				GCC_WARN_ABOUT_RETURN_TYPE = YES_ERROR;
				GCC_WARN_UNDECLARED_SELECTOR = YES;
				GCC_WARN_UNINITIALIZED_AUTOS = YES_AGGRESSIVE;
				GCC_WARN_UNUSED_FUNCTION = YES;
				GCC_WARN_UNUSED_VARIABLE = YES;
				IPHONEOS_DEPLOYMENT_TARGET = 11.2;
				MTL_ENABLE_DEBUG_INFO = NO;
				SDKROOT = iphoneos;
				SWIFT_OPTIMIZATION_LEVEL = "-Owholemodule";
				VALIDATE_PRODUCT = YES;
			};
			name = Release;
		};
		D318C8FE1FEE93900008C9FF /* Debug */ = {
			isa = XCBuildConfiguration;
			baseConfigurationReference = C4DC50A4ECB0E4B5E916194E /* Pods-TVI.debug.xcconfig */;
			buildSettings = {
				ASSETCATALOG_COMPILER_APPICON_NAME = AppIcon;
				CODE_SIGN_STYLE = Automatic;
				DEVELOPMENT_TEAM = EE2V9KDD6C;
				INFOPLIST_FILE = TVI/Info.plist;
				IPHONEOS_DEPLOYMENT_TARGET = 9.0;
				LD_RUNPATH_SEARCH_PATHS = "$(inherited) @executable_path/Frameworks";
				PRODUCT_BUNDLE_IDENTIFIER = com.TVI;
				PRODUCT_NAME = "$(TARGET_NAME)";
				SWIFT_VERSION = 3.0;
				TARGETED_DEVICE_FAMILY = "1,2";
			};
			name = Debug;
		};
		D318C8FF1FEE93900008C9FF /* Release */ = {
			isa = XCBuildConfiguration;
			baseConfigurationReference = 5A9E258F79954CB30A57843D /* Pods-TVI.release.xcconfig */;
			buildSettings = {
				ASSETCATALOG_COMPILER_APPICON_NAME = AppIcon;
				CODE_SIGN_STYLE = Automatic;
				DEVELOPMENT_TEAM = EE2V9KDD6C;
				INFOPLIST_FILE = TVI/Info.plist;
				IPHONEOS_DEPLOYMENT_TARGET = 9.0;
				LD_RUNPATH_SEARCH_PATHS = "$(inherited) @executable_path/Frameworks";
				PRODUCT_BUNDLE_IDENTIFIER = com.TVI;
				PRODUCT_NAME = "$(TARGET_NAME)";
				SWIFT_VERSION = 3.0;
				TARGETED_DEVICE_FAMILY = "1,2";
			};
			name = Release;
		};
/* End XCBuildConfiguration section */

/* Begin XCConfigurationList section */
		D318C8E41FEE93900008C9FF /* Build configuration list for PBXProject "TVI" */ = {
			isa = XCConfigurationList;
			buildConfigurations = (
				D318C8FB1FEE93900008C9FF /* Debug */,
				D318C8FC1FEE93900008C9FF /* Release */,
			);
			defaultConfigurationIsVisible = 0;
			defaultConfigurationName = Release;
		};
		D318C8FD1FEE93900008C9FF /* Build configuration list for PBXNativeTarget "TVI" */ = {
			isa = XCConfigurationList;
			buildConfigurations = (
				D318C8FE1FEE93900008C9FF /* Debug */,
				D318C8FF1FEE93900008C9FF /* Release */,
			);
			defaultConfigurationIsVisible = 0;
			defaultConfigurationName = Release;
		};
/* End XCConfigurationList section */
	};
	rootObject = D318C8E11FEE93900008C9FF /* Project object */;
}
